
Microsoft Visual Studio Solution File, Format Version 12.00
# Visual Studio 2013
VisualStudioVersion = 12.0.31101.0
MinimumVisualStudioVersion = 10.0.40219.1
Project("{FAE04EC0-301F-11D3-BF4B-00C04F79EFBC}") = "GA_TSP", "GA_TSP\GA_TSP.csproj", "{4B449F31-16CC-441C-A59A-8D5D22B79B3A}"
EndProject
Project("{FAE04EC0-301F-11D3-BF4B-00C04F79EFBC}") = "MyGA", "MyGA\MyGA.csproj", "{CB8E0E6C-13B3-4A0F-8EE6-610F82D89FE0}"
EndProject
Global
	GlobalSection(SolutionConfigurationPlatforms) = preSolution
		Debug|Any CPU = Debug|Any CPU
		Release|Any CPU = Release|Any CPU
	EndGlobalSection
	GlobalSection(ProjectConfigurationPlatforms) = postSolution
		{4B449F31-16CC-441C-A59A-8D5D22B79B3A}.Debug|Any CPU.ActiveCfg = Debug|Any CPU
		{4B449F31-16CC-441C-A59A-8D5D22B79B3A}.Debug|Any CPU.Build.0 = Debug|Any CPU
		{4B449F31-16CC-441C-A59A-8D5D22B79B3A}.Release|Any CPU.ActiveCfg = Release|Any CPU
		{4B449F31-16CC-441C-A59A-8D5D22B79B3A}.Release|Any CPU.Build.0 = Release|Any CPU
		{CB8E0E6C-13B3-4A0F-8EE6-610F82D89FE0}.Debug|Any CPU.ActiveCfg = Debug|Any CPU
		{CB8E0E6C-13B3-4A0F-8EE6-610F82D89FE0}.Debug|Any CPU.Build.0 = Debug|Any CPU
		{CB8E0E6C-13B3-4A0F-8EE6-610F82D89FE0}.Release|Any CPU.ActiveCfg = Release|Any CPU
		{CB8E0E6C-13B3-4A0F-8EE6-610F82D89FE0}.Release|Any CPU.Build.0 = Release|Any CPU
	EndGlobalSection
	GlobalSection(SolutionProperties) = preSolution
		HideSolutionNode = FALSE
	EndGlobalSection
EndGlobal
